{
  "name": "preflightseal",
  "version": "0.1.0",
  "lockfileVersion": 3,
  "requires": true,
  "packages": {
    "": {
      "name": "preflightseal",
      "version": "0.1.0",
      "license": "MIT",
      "bin": {
        "preflightseal": "src/cli.ts"
      },
      "engines": {
        "node": ">=24.0.0"
      }
    }
  }
}
